
Microsoft Visual Studio Solution File, Format Version 12.00
# Visual Studio Version 17
VisualStudioVersion = 17.11.35327.3
MinimumVisualStudioVersion = 10.0.40219.1
Project("{FAE04EC0-301F-11D3-BF4B-00C04F79EFBC}") = "OBS Twitch Challange BoT", "OBS Twitch Challange BoT.csproj", "{0A1A3292-329A-4DCE-9E9F-C08142121895}"
EndProject
Global
	GlobalSection(SolutionConfigurationPlatforms) = preSolution
		Debug|Any CPU = Debug|Any CPU
		Release|Any CPU = Release|Any CPU
	EndGlobalSection
	GlobalSection(ProjectConfigurationPlatforms) = postSolution
		{0A1A3292-329A-4DCE-9E9F-C08142121895}.Debug|Any CPU.ActiveCfg = Debug|Any CPU
		{0A1A3292-329A-4DCE-9E9F-C08142121895}.Debug|Any CPU.Build.0 = Debug|Any CPU
		{0A1A3292-329A-4DCE-9E9F-C08142121895}.Release|Any CPU.ActiveCfg = Release|Any CPU
		{0A1A3292-329A-4DCE-9E9F-C08142121895}.Release|Any CPU.Build.0 = Release|Any CPU
	EndGlobalSection
	GlobalSection(SolutionProperties) = preSolution
		HideSolutionNode = FALSE
	EndGlobalSection
	GlobalSection(ExtensibilityGlobals) = postSolution
		SolutionGuid = {0D88D224-9582-42BB-AC38-E396A1A58235}
	EndGlobalSection
EndGlobal
